// !$*UTF8*$!
{
	archiveVersion = 1;
	classes = {
	};
	objectVersion = 46;
	objects = {

/* Begin PBXBuildFile section */
		805A3218194EE13500F213C1 /* main.m in Sources */ = {isa = PBXBuildFile; fileRef = 805A3217194EE13500F213C1 /* main.m */; };
		805A321B194EE13500F213C1 /* AppDelegate.m in Sources */ = {isa = PBXBuildFile; fileRef = 805A321A194EE13500F213C1 /* AppDelegate.m */; };
		805A321E194EE13500F213C1 /* docbasketWeb.xcdatamodeld in Sources */ = {isa = PBXBuildFile; fileRef = 805A321C194EE13500F213C1 /* docbasketWeb.xcdatamodeld */; };
		805A3221194EE13500F213C1 /* ViewController.m in Sources */ = {isa = PBXBuildFile; fileRef = 805A3220194EE13500F213C1 /* ViewController.m */; };
		805A3224194EE13500F213C1 /* Main.storyboard in Resources */ = {isa = PBXBuildFile; fileRef = 805A3222194EE13500F213C1 /* Main.storyboard */; };
		805A3226194EE13500F213C1 /* Images.xcassets in Resources */ = {isa = PBXBuildFile; fileRef = 805A3225194EE13500F213C1 /* Images.xcassets */; };
		805A3232194EE13500F213C1 /* docbasketWebTests.m in Sources */ = {isa = PBXBuildFile; fileRef = 805A3231194EE13500F213C1 /* docbasketWebTests.m */; };
		805A323D194F0C8B00F213C1 /* DBKLocationManager.m in Sources */ = {isa = PBXBuildFile; fileRef = 805A323C194F0C8B00F213C1 /* DBKLocationManager.m */; };
		805A323F194F0EA500F213C1 /* CoreLocation.framework in Frameworks */ = {isa = PBXBuildFile; fileRef = 805A323E194F0EA500F213C1 /* CoreLocation.framework */; };
		805A3241194F9AA700F213C1 /* MapKit.framework in Frameworks */ = {isa = PBXBuildFile; fileRef = 805A3240194F9AA700F213C1 /* MapKit.framework */; };
		8061AFF01950163800685336 /* GlobalValue.m in Sources */ = {isa = PBXBuildFile; fileRef = 8061AFEF1950163800685336 /* GlobalValue.m */; };
		8061B01919503BE100685336 /* AFHTTPRequestOperation.m in Sources */ = {isa = PBXBuildFile; fileRef = 8061AFF519503BE100685336 /* AFHTTPRequestOperation.m */; };
		8061B01A19503BE100685336 /* AFHTTPRequestOperationManager.m in Sources */ = {isa = PBXBuildFile; fileRef = 8061AFF719503BE100685336 /* AFHTTPRequestOperationManager.m */; };
		8061B01B19503BE100685336 /* AFHTTPSessionManager.m in Sources */ = {isa = PBXBuildFile; fileRef = 8061AFF919503BE100685336 /* AFHTTPSessionManager.m */; };
		8061B01C19503BE100685336 /* AFNetworkReachabilityManager.m in Sources */ = {isa = PBXBuildFile; fileRef = 8061AFFC19503BE100685336 /* AFNetworkReachabilityManager.m */; };
		8061B01D19503BE100685336 /* AFSecurityPolicy.m in Sources */ = {isa = PBXBuildFile; fileRef = 8061AFFE19503BE100685336 /* AFSecurityPolicy.m */; };
		8061B01E19503BE100685336 /* AFURLConnectionOperation.m in Sources */ = {isa = PBXBuildFile; fileRef = 8061B00019503BE100685336 /* AFURLConnectionOperation.m */; };
		8061B01F19503BE100685336 /* AFURLRequestSerialization.m in Sources */ = {isa = PBXBuildFile; fileRef = 8061B00219503BE100685336 /* AFURLRequestSerialization.m */; };
		8061B02019503BE100685336 /* AFURLResponseSerialization.m in Sources */ = {isa = PBXBuildFile; fileRef = 8061B00419503BE100685336 /* AFURLResponseSerialization.m */; };
		8061B02119503BE100685336 /* AFURLSessionManager.m in Sources */ = {isa = PBXBuildFile; fileRef = 8061B00619503BE100685336 /* AFURLSessionManager.m */; };
		8061B02219503BE100685336 /* AFNetworkActivityIndicatorManager.m in Sources */ = {isa = PBXBuildFile; fileRef = 8061B00919503BE100685336 /* AFNetworkActivityIndicatorManager.m */; };
		8061B02319503BE100685336 /* UIActivityIndicatorView+AFNetworking.m in Sources */ = {isa = PBXBuildFile; fileRef = 8061B00B19503BE100685336 /* UIActivityIndicatorView+AFNetworking.m */; };
		8061B02419503BE100685336 /* UIAlertView+AFNetworking.m in Sources */ = {isa = PBXBuildFile; fileRef = 8061B00D19503BE100685336 /* UIAlertView+AFNetworking.m */; };
		8061B02519503BE100685336 /* UIButton+AFNetworking.m in Sources */ = {isa = PBXBuildFile; fileRef = 8061B00F19503BE100685336 /* UIButton+AFNetworking.m */; };
		8061B02619503BE100685336 /* UIImageView+AFNetworking.m in Sources */ = {isa = PBXBuildFile; fileRef = 8061B01119503BE100685336 /* UIImageView+AFNetworking.m */; };
		8061B02719503BE100685336 /* UIProgressView+AFNetworking.m in Sources */ = {isa = PBXBuildFile; fileRef = 8061B01419503BE100685336 /* UIProgressView+AFNetworking.m */; };
		8061B02819503BE100685336 /* UIRefreshControl+AFNetworking.m in Sources */ = {isa = PBXBuildFile; fileRef = 8061B01619503BE100685336 /* UIRefreshControl+AFNetworking.m */; };
		8061B02919503BE100685336 /* UIWebView+AFNetworking.m in Sources */ = {isa = PBXBuildFile; fileRef = 8061B01819503BE100685336 /* UIWebView+AFNetworking.m */; };
		8061B02E19503C4F00685336 /* DocbaketAPIClient.m in Sources */ = {isa = PBXBuildFile; fileRef = 8061B02D19503C4F00685336 /* DocbaketAPIClient.m */; };
		8061B03419503CA900685336 /* Docbasket.m in Sources */ = {isa = PBXBuildFile; fileRef = 8061B03119503CA900685336 /* Docbasket.m */; };
		8061B03519503CA900685336 /* User.m in Sources */ = {isa = PBXBuildFile; fileRef = 8061B03319503CA900685336 /* User.m */; };
		8061B03A1950B47F00685336 /* RegionAnnotation.m in Sources */ = {isa = PBXBuildFile; fileRef = 8061B0371950B47F00685336 /* RegionAnnotation.m */; };
		8061B03B1950B47F00685336 /* RegionAnnotationView.m in Sources */ = {isa = PBXBuildFile; fileRef = 8061B0391950B47F00685336 /* RegionAnnotationView.m */; };
		807115DF195B2EEC00E953B1 /* RECommonFunctions.m in Sources */ = {isa = PBXBuildFile; fileRef = 807115DA195B2EEC00E953B1 /* RECommonFunctions.m */; };
		807115E0195B2EEC00E953B1 /* RESideMenu.m in Sources */ = {isa = PBXBuildFile; fileRef = 807115DC195B2EEC00E953B1 /* RESideMenu.m */; };
		807115E1195B2EEC00E953B1 /* UIViewController+RESideMenu.m in Sources */ = {isa = PBXBuildFile; fileRef = 807115DE195B2EEC00E953B1 /* UIViewController+RESideMenu.m */; };
		807115E6195B30DB00E953B1 /* DEMOLeftMenuViewController.m in Sources */ = {isa = PBXBuildFile; fileRef = 807115E3195B30DB00E953B1 /* DEMOLeftMenuViewController.m */; };
		807115E7195B30DB00E953B1 /* DEMORootViewController.m in Sources */ = {isa = PBXBuildFile; fileRef = 807115E5195B30DB00E953B1 /* DEMORootViewController.m */; };
		807555B919518EA700F68F63 /* ToDO in Resources */ = {isa = PBXBuildFile; fileRef = 807555B819518EA700F68F63 /* ToDO */; };
		807556541951980D00F68F63 /* MKAnnotationView+WebCache.m in Sources */ = {isa = PBXBuildFile; fileRef = 807556361951980D00F68F63 /* MKAnnotationView+WebCache.m */; };
		807556551951980D00F68F63 /* NSData+ImageContentType.m in Sources */ = {isa = PBXBuildFile; fileRef = 807556381951980D00F68F63 /* NSData+ImageContentType.m */; };
		807556561951980D00F68F63 /* SDImageCache.m in Sources */ = {isa = PBXBuildFile; fileRef = 8075563A1951980D00F68F63 /* SDImageCache.m */; };
		807556571951980D00F68F63 /* SDWebImageCompat.m in Sources */ = {isa = PBXBuildFile; fileRef = 8075563C1951980D00F68F63 /* SDWebImageCompat.m */; };
		807556581951980D00F68F63 /* SDWebImageDecoder.m in Sources */ = {isa = PBXBuildFile; fileRef = 8075563E1951980D00F68F63 /* SDWebImageDecoder.m */; };
		807556591951980D00F68F63 /* SDWebImageDownloader.m in Sources */ = {isa = PBXBuildFile; fileRef = 807556401951980D00F68F63 /* SDWebImageDownloader.m */; };
		8075565A1951980D00F68F63 /* SDWebImageDownloaderOperation.m in Sources */ = {isa = PBXBuildFile; fileRef = 807556421951980D00F68F63 /* SDWebImageDownloaderOperation.m */; };
		8075565B1951980D00F68F63 /* SDWebImageManager.m in Sources */ = {isa = PBXBuildFile; fileRef = 807556441951980D00F68F63 /* SDWebImageManager.m */; };
		8075565C1951980D00F68F63 /* SDWebImagePrefetcher.m in Sources */ = {isa = PBXBuildFile; fileRef = 807556471951980D00F68F63 /* SDWebImagePrefetcher.m */; };
		8075565D1951980D00F68F63 /* UIButton+WebCache.m in Sources */ = {isa = PBXBuildFile; fileRef = 807556491951980D00F68F63 /* UIButton+WebCache.m */; };
		8075565E1951980D00F68F63 /* UIImage+GIF.m in Sources */ = {isa = PBXBuildFile; fileRef = 8075564B1951980D00F68F63 /* UIImage+GIF.m */; };
		8075565F1951980D00F68F63 /* UIImage+MultiFormat.m in Sources */ = {isa = PBXBuildFile; fileRef = 8075564D1951980D00F68F63 /* UIImage+MultiFormat.m */; };
		807556601951980D00F68F63 /* UIImage+WebP.m in Sources */ = {isa = PBXBuildFile; fileRef = 8075564F1951980D00F68F63 /* UIImage+WebP.m */; };
		807556611951980D00F68F63 /* UIImageView+HighlightedWebCache.m in Sources */ = {isa = PBXBuildFile; fileRef = 807556511951980D00F68F63 /* UIImageView+HighlightedWebCache.m */; };
		807556621951980D00F68F63 /* UIImageView+WebCache.m in Sources */ = {isa = PBXBuildFile; fileRef = 807556531951980D00F68F63 /* UIImageView+WebCache.m */; };
		80778A59195B11B1003EF884 /* CHAnimation.m in Sources */ = {isa = PBXBuildFile; fileRef = 80778A54195B11B1003EF884 /* CHAnimation.m */; };
		80778A5A195B11B1003EF884 /* CHAnimationState.m in Sources */ = {isa = PBXBuildFile; fileRef = 80778A56195B11B1003EF884 /* CHAnimationState.m */; };
		80778A5B195B11B1003EF884 /* CHAnimator.m in Sources */ = {isa = PBXBuildFile; fileRef = 80778A58195B11B1003EF884 /* CHAnimator.m */; };
		80778A60195B122C003EF884 /* CHPopUpMenu.m in Sources */ = {isa = PBXBuildFile; fileRef = 80778A5F195B122C003EF884 /* CHPopUpMenu.m */; };
		80778A62195B160C003EF884 /* CoreGraphics.framework in Frameworks */ = {isa = PBXBuildFile; fileRef = 80778A61195B160C003EF884 /* CoreGraphics.framework */; };
		80778A64195B1613003EF884 /* UIKit.framework in Frameworks */ = {isa = PBXBuildFile; fileRef = 80778A63195B1613003EF884 /* UIKit.framework */; };
		80778A66195B161B003EF884 /* Foundation.framework in Frameworks */ = {isa = PBXBuildFile; fileRef = 80778A65195B161B003EF884 /* Foundation.framework */; };
		80D08B83195939A800C17879 /* makeNewBasketViewController.m in Sources */ = {isa = PBXBuildFile; fileRef = 80D08B82195939A800C17879 /* makeNewBasketViewController.m */; };
/* End PBXBuildFile section */

/* Begin PBXContainerItemProxy section */
		805A322C194EE13500F213C1 /* PBXContainerItemProxy */ = {
			isa = PBXContainerItemProxy;
			containerPortal = 805A320A194EE13500F213C1 /* Project object */;
			proxyType = 1;
			remoteGlobalIDString = 805A3211194EE13500F213C1;
			remoteInfo = docbasketWeb;
		};
/* End PBXContainerItemProxy section */

/* Begin PBXFileReference section */
		805A3212194EE13500F213C1 /* docbasketWeb.app */ = {isa = PBXFileReference; explicitFileType = wrapper.application; includeInIndex = 0; path = docbasketWeb.app; sourceTree = BUILT_PRODUCTS_DIR; };
		805A3216194EE13500F213C1 /* Info.plist */ = {isa = PBXFileReference; lastKnownFileType = text.plist.xml; path = Info.plist; sourceTree = "<group>"; };
		805A3217194EE13500F213C1 /* main.m */ = {isa = PBXFileReference; lastKnownFileType = sourcecode.c.objc; path = main.m; sourceTree = "<group>"; };
		805A3219194EE13500F213C1 /* AppDelegate.h */ = {isa = PBXFileReference; lastKnownFileType = sourcecode.c.h; path = AppDelegate.h; sourceTree = "<group>"; };
		805A321A194EE13500F213C1 /* AppDelegate.m */ = {isa = PBXFileReference; lastKnownFileType = sourcecode.c.objc; path = AppDelegate.m; sourceTree = "<group>"; };
		805A321D194EE13500F213C1 /* docbasketWeb.xcdatamodel */ = {isa = PBXFileReference; lastKnownFileType = wrapper.xcdatamodel; path = docbasketWeb.xcdatamodel; sourceTree = "<group>"; };
		805A321F194EE13500F213C1 /* ViewController.h */ = {isa = PBXFileReference; lastKnownFileType = sourcecode.c.h; path = ViewController.h; sourceTree = "<group>"; };
		805A3220194EE13500F213C1 /* ViewController.m */ = {isa = PBXFileReference; lastKnownFileType = sourcecode.c.objc; path = ViewController.m; sourceTree = "<group>"; };
		805A3223194EE13500F213C1 /* Base */ = {isa = PBXFileReference; lastKnownFileType = file.storyboard; name = Base; path = Base.lproj/Main.storyboard; sourceTree = "<group>"; };
		805A3225194EE13500F213C1 /* Images.xcassets */ = {isa = PBXFileReference; lastKnownFileType = folder.assetcatalog; path = Images.xcassets; sourceTree = "<group>"; };
		805A322B194EE13500F213C1 /* docbasketWebTests.xctest */ = {isa = PBXFileReference; explicitFileType = wrapper.cfbundle; includeInIndex = 0; path = docbasketWebTests.xctest; sourceTree = BUILT_PRODUCTS_DIR; };
		805A3230194EE13500F213C1 /* Info.plist */ = {isa = PBXFileReference; lastKnownFileType = text.plist.xml; path = Info.plist; sourceTree = "<group>"; };
		805A3231194EE13500F213C1 /* docbasketWebTests.m */ = {isa = PBXFileReference; lastKnownFileType = sourcecode.c.objc; path = docbasketWebTests.m; sourceTree = "<group>"; };
		805A323B194F0C8B00F213C1 /* DBKLocationManager.h */ = {isa = PBXFileReference; fileEncoding = 4; lastKnownFileType = sourcecode.c.h; path = DBKLocationManager.h; sourceTree = "<group>"; };
		805A323C194F0C8B00F213C1 /* DBKLocationManager.m */ = {isa = PBXFileReference; fileEncoding = 4; lastKnownFileType = sourcecode.c.objc; path = DBKLocationManager.m; sourceTree = "<group>"; };
		805A323E194F0EA500F213C1 /* CoreLocation.framework */ = {isa = PBXFileReference; lastKnownFileType = wrapper.framework; name = CoreLocation.framework; path = System/Library/Frameworks/CoreLocation.framework; sourceTree = SDKROOT; };
		805A3240194F9AA700F213C1 /* MapKit.framework */ = {isa = PBXFileReference; lastKnownFileType = wrapper.framework; name = MapKit.framework; path = System/Library/Frameworks/MapKit.framework; sourceTree = SDKROOT; };
		805A3244194F9AD700F213C1 /* docbasketWeb.entitlements */ = {isa = PBXFileReference; lastKnownFileType = text.xml; path = docbasketWeb.entitlements; sourceTree = "<group>"; };
		8061AFEE1950163800685336 /* GlobalValue.h */ = {isa = PBXFileReference; fileEncoding = 4; lastKnownFileType = sourcecode.c.h; path = GlobalValue.h; sourceTree = "<group>"; };
		8061AFEF1950163800685336 /* GlobalValue.m */ = {isa = PBXFileReference; fileEncoding = 4; lastKnownFileType = sourcecode.c.objc; path = GlobalValue.m; sourceTree = "<group>"; };
		8061AFF419503BE100685336 /* AFHTTPRequestOperation.h */ = {isa = PBXFileReference; fileEncoding = 4; lastKnownFileType = sourcecode.c.h; path = AFHTTPRequestOperation.h; sourceTree = "<group>"; };
		8061AFF519503BE100685336 /* AFHTTPRequestOperation.m */ = {isa = PBXFileReference; fileEncoding = 4; lastKnownFileType = sourcecode.c.objc; path = AFHTTPRequestOperation.m; sourceTree = "<group>"; };
		8061AFF619503BE100685336 /* AFHTTPRequestOperationManager.h */ = {isa = PBXFileReference; fileEncoding = 4; lastKnownFileType = sourcecode.c.h; path = AFHTTPRequestOperationManager.h; sourceTree = "<group>"; };
		8061AFF719503BE100685336 /* AFHTTPRequestOperationManager.m */ = {isa = PBXFileReference; fileEncoding = 4; lastKnownFileType = sourcecode.c.objc; path = AFHTTPRequestOperationManager.m; sourceTree = "<group>"; };
		8061AFF819503BE100685336 /* AFHTTPSessionManager.h */ = {isa = PBXFileReference; fileEncoding = 4; lastKnownFileType = sourcecode.c.h; path = AFHTTPSessionManager.h; sourceTree = "<group>"; };
		8061AFF919503BE100685336 /* AFHTTPSessionManager.m */ = {isa = PBXFileReference; fileEncoding = 4; lastKnownFileType = sourcecode.c.objc; path = AFHTTPSessionManager.m; sourceTree = "<group>"; };
		8061AFFA19503BE100685336 /* AFNetworking.h */ = {isa = PBXFileReference; fileEncoding = 4; lastKnownFileType = sourcecode.c.h; path = AFNetworking.h; sourceTree = "<group>"; };
		8061AFFB19503BE100685336 /* AFNetworkReachabilityManager.h */ = {isa = PBXFileReference; fileEncoding = 4; lastKnownFileType = sourcecode.c.h; path = AFNetworkReachabilityManager.h; sourceTree = "<group>"; };
		8061AFFC19503BE100685336 /* AFNetworkReachabilityManager.m */ = {isa = PBXFileReference; fileEncoding = 4; lastKnownFileType = sourcecode.c.objc; path = AFNetworkReachabilityManager.m; sourceTree = "<group>"; };
		8061AFFD19503BE100685336 /* AFSecurityPolicy.h */ = {isa = PBXFileReference; fileEncoding = 4; lastKnownFileType = sourcecode.c.h; path = AFSecurityPolicy.h; sourceTree = "<group>"; };
		8061AFFE19503BE100685336 /* AFSecurityPolicy.m */ = {isa = PBXFileReference; fileEncoding = 4; lastKnownFileType = sourcecode.c.objc; path = AFSecurityPolicy.m; sourceTree = "<group>"; };
		8061AFFF19503BE100685336 /* AFURLConnectionOperation.h */ = {isa = PBXFileReference; fileEncoding = 4; lastKnownFileType = sourcecode.c.h; path = AFURLConnectionOperation.h; sourceTree = "<group>"; };
		8061B00019503BE100685336 /* AFURLConnectionOperation.m */ = {isa = PBXFileReference; fileEncoding = 4; lastKnownFileType = sourcecode.c.objc; path = AFURLConnectionOperation.m; sourceTree = "<group>"; };
		8061B00119503BE100685336 /* AFURLRequestSerialization.h */ = {isa = PBXFileReference; fileEncoding = 4; lastKnownFileType = sourcecode.c.h; path = AFURLRequestSerialization.h; sourceTree = "<group>"; };
		8061B00219503BE100685336 /* AFURLRequestSerialization.m */ = {isa = PBXFileReference; fileEncoding = 4; lastKnownFileType = sourcecode.c.objc; path = AFURLRequestSerialization.m; sourceTree = "<group>"; };
		8061B00319503BE100685336 /* AFURLResponseSerialization.h */ = {isa = PBXFileReference; fileEncoding = 4; lastKnownFileType = sourcecode.c.h; path = AFURLResponseSerialization.h; sourceTree = "<group>"; };
		8061B00419503BE100685336 /* AFURLResponseSerialization.m */ = {isa = PBXFileReference; fileEncoding = 4; lastKnownFileType = sourcecode.c.objc; path = AFURLResponseSerialization.m; sourceTree = "<group>"; };
		8061B00519503BE100685336 /* AFURLSessionManager.h */ = {isa = PBXFileReference; fileEncoding = 4; lastKnownFileType = sourcecode.c.h; path = AFURLSessionManager.h; sourceTree = "<group>"; };
		8061B00619503BE100685336 /* AFURLSessionManager.m */ = {isa = PBXFileReference; fileEncoding = 4; lastKnownFileType = sourcecode.c.objc; path = AFURLSessionManager.m; sourceTree = "<group>"; };
		8061B00819503BE100685336 /* AFNetworkActivityIndicatorManager.h */ = {isa = PBXFileReference; fileEncoding = 4; lastKnownFileType = sourcecode.c.h; path = AFNetworkActivityIndicatorManager.h; sourceTree = "<group>"; };
		8061B00919503BE100685336 /* AFNetworkActivityIndicatorManager.m */ = {isa = PBXFileReference; fileEncoding = 4; lastKnownFileType = sourcecode.c.objc; path = AFNetworkActivityIndicatorManager.m; sourceTree = "<group>"; };
		8061B00A19503BE100685336 /* UIActivityIndicatorView+AFNetworking.h */ = {isa = PBXFileReference; fileEncoding = 4; lastKnownFileType = sourcecode.c.h; path = "UIActivityIndicatorView+AFNetworking.h"; sourceTree = "<group>"; };
		8061B00B19503BE100685336 /* UIActivityIndicatorView+AFNetworking.m */ = {isa = PBXFileReference; fileEncoding = 4; lastKnownFileType = sourcecode.c.objc; path = "UIActivityIndicatorView+AFNetworking.m"; sourceTree = "<group>"; };
		8061B00C19503BE100685336 /* UIAlertView+AFNetworking.h */ = {isa = PBXFileReference; fileEncoding = 4; lastKnownFileType = sourcecode.c.h; path = "UIAlertView+AFNetworking.h"; sourceTree = "<group>"; };
		8061B00D19503BE100685336 /* UIAlertView+AFNetworking.m */ = {isa = PBXFileReference; fileEncoding = 4; lastKnownFileType = sourcecode.c.objc; path = "UIAlertView+AFNetworking.m"; sourceTree = "<group>"; };
		8061B00E19503BE100685336 /* UIButton+AFNetworking.h */ = {isa = PBXFileReference; fileEncoding = 4; lastKnownFileType = sourcecode.c.h; path = "UIButton+AFNetworking.h"; sourceTree = "<group>"; };
		8061B00F19503BE100685336 /* UIButton+AFNetworking.m */ = {isa = PBXFileReference; fileEncoding = 4; lastKnownFileType = sourcecode.c.objc; path = "UIButton+AFNetworking.m"; sourceTree = "<group>"; };
		8061B01019503BE100685336 /* UIImageView+AFNetworking.h */ = {isa = PBXFileReference; fileEncoding = 4; lastKnownFileType = sourcecode.c.h; path = "UIImageView+AFNetworking.h"; sourceTree = "<group>"; };
		8061B01119503BE100685336 /* UIImageView+AFNetworking.m */ = {isa = PBXFileReference; fileEncoding = 4; lastKnownFileType = sourcecode.c.objc; path = "UIImageView+AFNetworking.m"; sourceTree = "<group>"; };
		8061B01219503BE100685336 /* UIKit+AFNetworking.h */ = {isa = PBXFileReference; fileEncoding = 4; lastKnownFileType = sourcecode.c.h; path = "UIKit+AFNetworking.h"; sourceTree = "<group>"; };
		8061B01319503BE100685336 /* UIProgressView+AFNetworking.h */ = {isa = PBXFileReference; fileEncoding = 4; lastKnownFileType = sourcecode.c.h; path = "UIProgressView+AFNetworking.h"; sourceTree = "<group>"; };
		8061B01419503BE100685336 /* UIProgressView+AFNetworking.m */ = {isa = PBXFileReference; fileEncoding = 4; lastKnownFileType = sourcecode.c.objc; path = "UIProgressView+AFNetworking.m"; sourceTree = "<group>"; };
		8061B01519503BE100685336 /* UIRefreshControl+AFNetworking.h */ = {isa = PBXFileReference; fileEncoding = 4; lastKnownFileType = sourcecode.c.h; path = "UIRefreshControl+AFNetworking.h"; sourceTree = "<group>"; };
		8061B01619503BE100685336 /* UIRefreshControl+AFNetworking.m */ = {isa = PBXFileReference; fileEncoding = 4; lastKnownFileType = sourcecode.c.objc; path = "UIRefreshControl+AFNetworking.m"; sourceTree = "<group>"; };
		8061B01719503BE100685336 /* UIWebView+AFNetworking.h */ = {isa = PBXFileReference; fileEncoding = 4; lastKnownFileType = sourcecode.c.h; path = "UIWebView+AFNetworking.h"; sourceTree = "<group>"; };
		8061B01819503BE100685336 /* UIWebView+AFNetworking.m */ = {isa = PBXFileReference; fileEncoding = 4; lastKnownFileType = sourcecode.c.objc; path = "UIWebView+AFNetworking.m"; sourceTree = "<group>"; };
		8061B02C19503C4F00685336 /* DocbaketAPIClient.h */ = {isa = PBXFileReference; fileEncoding = 4; lastKnownFileType = sourcecode.c.h; path = DocbaketAPIClient.h; sourceTree = "<group>"; };
		8061B02D19503C4F00685336 /* DocbaketAPIClient.m */ = {isa = PBXFileReference; fileEncoding = 4; lastKnownFileType = sourcecode.c.objc; path = DocbaketAPIClient.m; sourceTree = "<group>"; };
		8061B03019503CA900685336 /* Docbasket.h */ = {isa = PBXFileReference; fileEncoding = 4; lastKnownFileType = sourcecode.c.h; path = Docbasket.h; sourceTree = "<group>"; };
		8061B03119503CA900685336 /* Docbasket.m */ = {isa = PBXFileReference; fileEncoding = 4; lastKnownFileType = sourcecode.c.objc; path = Docbasket.m; sourceTree = "<group>"; };
		8061B03219503CA900685336 /* User.h */ = {isa = PBXFileReference; fileEncoding = 4; lastKnownFileType = sourcecode.c.h; path = User.h; sourceTree = "<group>"; };
		8061B03319503CA900685336 /* User.m */ = {isa = PBXFileReference; fileEncoding = 4; lastKnownFileType = sourcecode.c.objc; path = User.m; sourceTree = "<group>"; };
		8061B0361950B47F00685336 /* RegionAnnotation.h */ = {isa = PBXFileReference; fileEncoding = 4; lastKnownFileType = sourcecode.c.h; path = RegionAnnotation.h; sourceTree = "<group>"; };
		8061B0371950B47F00685336 /* RegionAnnotation.m */ = {isa = PBXFileReference; fileEncoding = 4; lastKnownFileType = sourcecode.c.objc; path = RegionAnnotation.m; sourceTree = "<group>"; };
		8061B0381950B47F00685336 /* RegionAnnotationView.h */ = {isa = PBXFileReference; fileEncoding = 4; lastKnownFileType = sourcecode.c.h; path = RegionAnnotationView.h; sourceTree = "<group>"; };
		8061B0391950B47F00685336 /* RegionAnnotationView.m */ = {isa = PBXFileReference; fileEncoding = 4; lastKnownFileType = sourcecode.c.objc; path = RegionAnnotationView.m; sourceTree = "<group>"; };
		807115D9195B2EEC00E953B1 /* RECommonFunctions.h */ = {isa = PBXFileReference; fileEncoding = 4; lastKnownFileType = sourcecode.c.h; path = RECommonFunctions.h; sourceTree = "<group>"; };
		807115DA195B2EEC00E953B1 /* RECommonFunctions.m */ = {isa = PBXFileReference; fileEncoding = 4; lastKnownFileType = sourcecode.c.objc; path = RECommonFunctions.m; sourceTree = "<group>"; };
		807115DB195B2EEC00E953B1 /* RESideMenu.h */ = {isa = PBXFileReference; fileEncoding = 4; lastKnownFileType = sourcecode.c.h; path = RESideMenu.h; sourceTree = "<group>"; };
		807115DC195B2EEC00E953B1 /* RESideMenu.m */ = {isa = PBXFileReference; fileEncoding = 4; lastKnownFileType = sourcecode.c.objc; path = RESideMenu.m; sourceTree = "<group>"; };
		807115DD195B2EEC00E953B1 /* UIViewController+RESideMenu.h */ = {isa = PBXFileReference; fileEncoding = 4; lastKnownFileType = sourcecode.c.h; path = "UIViewController+RESideMenu.h"; sourceTree = "<group>"; };
		807115DE195B2EEC00E953B1 /* UIViewController+RESideMenu.m */ = {isa = PBXFileReference; fileEncoding = 4; lastKnownFileType = sourcecode.c.objc; path = "UIViewController+RESideMenu.m"; sourceTree = "<group>"; };
		807115E2195B30DB00E953B1 /* DEMOLeftMenuViewController.h */ = {isa = PBXFileReference; fileEncoding = 4; lastKnownFileType = sourcecode.c.h; path = DEMOLeftMenuViewController.h; sourceTree = "<group>"; };
		807115E3195B30DB00E953B1 /* DEMOLeftMenuViewController.m */ = {isa = PBXFileReference; fileEncoding = 4; lastKnownFileType = sourcecode.c.objc; path = DEMOLeftMenuViewController.m; sourceTree = "<group>"; };
		807115E4195B30DB00E953B1 /* DEMORootViewController.h */ = {isa = PBXFileReference; fileEncoding = 4; lastKnownFileType = sourcecode.c.h; path = DEMORootViewController.h; sourceTree = "<group>"; };
		807115E5195B30DB00E953B1 /* DEMORootViewController.m */ = {isa = PBXFileReference; fileEncoding = 4; lastKnownFileType = sourcecode.c.objc; path = DEMORootViewController.m; sourceTree = "<group>"; };
		807555B819518EA700F68F63 /* ToDO */ = {isa = PBXFileReference; fileEncoding = 4; lastKnownFileType = text; path = ToDO; sourceTree = "<group>"; };
		807556351951980D00F68F63 /* MKAnnotationView+WebCache.h */ = {isa = PBXFileReference; fileEncoding = 4; lastKnownFileType = sourcecode.c.h; path = "MKAnnotationView+WebCache.h"; sourceTree = "<group>"; };
		807556361951980D00F68F63 /* MKAnnotationView+WebCache.m */ = {isa = PBXFileReference; fileEncoding = 4; lastKnownFileType = sourcecode.c.objc; path = "MKAnnotationView+WebCache.m"; sourceTree = "<group>"; };
		807556371951980D00F68F63 /* NSData+ImageContentType.h */ = {isa = PBXFileReference; fileEncoding = 4; lastKnownFileType = sourcecode.c.h; path = "NSData+ImageContentType.h"; sourceTree = "<group>"; };
		807556381951980D00F68F63 /* NSData+ImageContentType.m */ = {isa = PBXFileReference; fileEncoding = 4; lastKnownFileType = sourcecode.c.objc; path = "NSData+ImageContentType.m"; sourceTree = "<group>"; };
		807556391951980D00F68F63 /* SDImageCache.h */ = {isa = PBXFileReference; fileEncoding = 4; lastKnownFileType = sourcecode.c.h; path = SDImageCache.h; sourceTree = "<group>"; };
		8075563A1951980D00F68F63 /* SDImageCache.m */ = {isa = PBXFileReference; fileEncoding = 4; lastKnownFileType = sourcecode.c.objc; path = SDImageCache.m; sourceTree = "<group>"; };
		8075563B1951980D00F68F63 /* SDWebImageCompat.h */ = {isa = PBXFileReference; fileEncoding = 4; lastKnownFileType = sourcecode.c.h; path = SDWebImageCompat.h; sourceTree = "<group>"; };
		8075563C1951980D00F68F63 /* SDWebImageCompat.m */ = {isa = PBXFileReference; fileEncoding = 4; lastKnownFileType = sourcecode.c.objc; path = SDWebImageCompat.m; sourceTree = "<group>"; };
		8075563D1951980D00F68F63 /* SDWebImageDecoder.h */ = {isa = PBXFileReference; fileEncoding = 4; lastKnownFileType = sourcecode.c.h; path = SDWebImageDecoder.h; sourceTree = "<group>"; };
		8075563E1951980D00F68F63 /* SDWebImageDecoder.m */ = {isa = PBXFileReference; fileEncoding = 4; lastKnownFileType = sourcecode.c.objc; path = SDWebImageDecoder.m; sourceTree = "<group>"; };
		8075563F1951980D00F68F63 /* SDWebImageDownloader.h */ = {isa = PBXFileReference; fileEncoding = 4; lastKnownFileType = sourcecode.c.h; path = SDWebImageDownloader.h; sourceTree = "<group>"; };
		807556401951980D00F68F63 /* SDWebImageDownloader.m */ = {isa = PBXFileReference; fileEncoding = 4; lastKnownFileType = sourcecode.c.objc; path = SDWebImageDownloader.m; sourceTree = "<group>"; };
		807556411951980D00F68F63 /* SDWebImageDownloaderOperation.h */ = {isa = PBXFileReference; fileEncoding = 4; lastKnownFileType = sourcecode.c.h; path = SDWebImageDownloaderOperation.h; sourceTree = "<group>"; };
		807556421951980D00F68F63 /* SDWebImageDownloaderOperation.m */ = {isa = PBXFileReference; fileEncoding = 4; lastKnownFileType = sourcecode.c.objc; path = SDWebImageDownloaderOperation.m; sourceTree = "<group>"; };
		807556431951980D00F68F63 /* SDWebImageManager.h */ = {isa = PBXFileReference; fileEncoding = 4; lastKnownFileType = sourcecode.c.h; path = SDWebImageManager.h; sourceTree = "<group>"; };
		807556441951980D00F68F63 /* SDWebImageManager.m */ = {isa = PBXFileReference; fileEncoding = 4; lastKnownFileType = sourcecode.c.objc; path = SDWebImageManager.m; sourceTree = "<group>"; };
		807556451951980D00F68F63 /* SDWebImageOperation.h */ = {isa = PBXFileReference; fileEncoding = 4; lastKnownFileType = sourcecode.c.h; path = SDWebImageOperation.h; sourceTree = "<group>"; };
		807556461951980D00F68F63 /* SDWebImagePrefetcher.h */ = {isa = PBXFileReference; fileEncoding = 4; lastKnownFileType = sourcecode.c.h; path = SDWebImagePrefetcher.h; sourceTree = "<group>"; };
		807556471951980D00F68F63 /* SDWebImagePrefetcher.m */ = {isa = PBXFileReference; fileEncoding = 4; lastKnownFileType = sourcecode.c.objc; path = SDWebImagePrefetcher.m; sourceTree = "<group>"; };
		807556481951980D00F68F63 /* UIButton+WebCache.h */ = {isa = PBXFileReference; fileEncoding = 4; lastKnownFileType = sourcecode.c.h; path = "UIButton+WebCache.h"; sourceTree = "<group>"; };
		807556491951980D00F68F63 /* UIButton+WebCache.m */ = {isa = PBXFileReference; fileEncoding = 4; lastKnownFileType = sourcecode.c.objc; path = "UIButton+WebCache.m"; sourceTree = "<group>"; };
		8075564A1951980D00F68F63 /* UIImage+GIF.h */ = {isa = PBXFileReference; fileEncoding = 4; lastKnownFileType = sourcecode.c.h; path = "UIImage+GIF.h"; sourceTree = "<group>"; };
		8075564B1951980D00F68F63 /* UIImage+GIF.m */ = {isa = PBXFileReference; fileEncoding = 4; lastKnownFileType = sourcecode.c.objc; path = "UIImage+GIF.m"; sourceTree = "<group>"; };
		8075564C1951980D00F68F63 /* UIImage+MultiFormat.h */ = {isa = PBXFileReference; fileEncoding = 4; lastKnownFileType = sourcecode.c.h; path = "UIImage+MultiFormat.h"; sourceTree = "<group>"; };
		8075564D1951980D00F68F63 /* UIImage+MultiFormat.m */ = {isa = PBXFileReference; fileEncoding = 4; lastKnownFileType = sourcecode.c.objc; path = "UIImage+MultiFormat.m"; sourceTree = "<group>"; };
		8075564E1951980D00F68F63 /* UIImage+WebP.h */ = {isa = PBXFileReference; fileEncoding = 4; lastKnownFileType = sourcecode.c.h; path = "UIImage+WebP.h"; sourceTree = "<group>"; };
		8075564F1951980D00F68F63 /* UIImage+WebP.m */ = {isa = PBXFileReference; fileEncoding = 4; lastKnownFileType = sourcecode.c.objc; path = "UIImage+WebP.m"; sourceTree = "<group>"; };
		807556501951980D00F68F63 /* UIImageView+HighlightedWebCache.h */ = {isa = PBXFileReference; fileEncoding = 4; lastKnownFileType = sourcecode.c.h; path = "UIImageView+HighlightedWebCache.h"; sourceTree = "<group>"; };
		807556511951980D00F68F63 /* UIImageView+HighlightedWebCache.m */ = {isa = PBXFileReference; fileEncoding = 4; lastKnownFileType = sourcecode.c.objc; path = "UIImageView+HighlightedWebCache.m"; sourceTree = "<group>"; };
		807556521951980D00F68F63 /* UIImageView+WebCache.h */ = {isa = PBXFileReference; fileEncoding = 4; lastKnownFileType = sourcecode.c.h; path = "UIImageView+WebCache.h"; sourceTree = "<group>"; };
		807556531951980D00F68F63 /* UIImageView+WebCache.m */ = {isa = PBXFileReference; fileEncoding = 4; lastKnownFileType = sourcecode.c.objc; path = "UIImageView+WebCache.m"; sourceTree = "<group>"; };
		80778A53195B11B1003EF884 /* CHAnimation.h */ = {isa = PBXFileReference; fileEncoding = 4; lastKnownFileType = sourcecode.c.h; path = CHAnimation.h; sourceTree = "<group>"; };
		80778A54195B11B1003EF884 /* CHAnimation.m */ = {isa = PBXFileReference; fileEncoding = 4; lastKnownFileType = sourcecode.c.objc; path = CHAnimation.m; sourceTree = "<group>"; };
		80778A55195B11B1003EF884 /* CHAnimationState.h */ = {isa = PBXFileReference; fileEncoding = 4; lastKnownFileType = sourcecode.c.h; path = CHAnimationState.h; sourceTree = "<group>"; };
		80778A56195B11B1003EF884 /* CHAnimationState.m */ = {isa = PBXFileReference; fileEncoding = 4; lastKnownFileType = sourcecode.c.objc; path = CHAnimationState.m; sourceTree = "<group>"; };
		80778A57195B11B1003EF884 /* CHAnimator.h */ = {isa = PBXFileReference; fileEncoding = 4; lastKnownFileType = sourcecode.c.h; path = CHAnimator.h; sourceTree = "<group>"; };
		80778A58195B11B1003EF884 /* CHAnimator.m */ = {isa = PBXFileReference; fileEncoding = 4; lastKnownFileType = sourcecode.c.objc; path = CHAnimator.m; sourceTree = "<group>"; };
		80778A5E195B122C003EF884 /* CHPopUpMenu.h */ = {isa = PBXFileReference; fileEncoding = 4; lastKnownFileType = sourcecode.c.h; path = CHPopUpMenu.h; sourceTree = "<group>"; };
		80778A5F195B122C003EF884 /* CHPopUpMenu.m */ = {isa = PBXFileReference; fileEncoding = 4; lastKnownFileType = sourcecode.c.objc; path = CHPopUpMenu.m; sourceTree = "<group>"; };
		80778A61195B160C003EF884 /* CoreGraphics.framework */ = {isa = PBXFileReference; lastKnownFileType = wrapper.framework; name = CoreGraphics.framework; path = System/Library/Frameworks/CoreGraphics.framework; sourceTree = SDKROOT; };
		80778A63195B1613003EF884 /* UIKit.framework */ = {isa = PBXFileReference; lastKnownFileType = wrapper.framework; name = UIKit.framework; path = System/Library/Frameworks/UIKit.framework; sourceTree = SDKROOT; };
		80778A65195B161B003EF884 /* Foundation.framework */ = {isa = PBXFileReference; lastKnownFileType = wrapper.framework; name = Foundation.framework; path = System/Library/Frameworks/Foundation.framework; sourceTree = SDKROOT; };
		809B3608194FD0DC0099D3A8 /* docbasketURLInfo.h */ = {isa = PBXFileReference; lastKnownFileType = sourcecode.c.h; path = docbasketURLInfo.h; sourceTree = "<group>"; };
		80D08B81195939A800C17879 /* makeNewBasketViewController.h */ = {isa = PBXFileReference; fileEncoding = 4; lastKnownFileType = sourcecode.c.h; path = makeNewBasketViewController.h; sourceTree = "<group>"; };
		80D08B82195939A800C17879 /* makeNewBasketViewController.m */ = {isa = PBXFileReference; fileEncoding = 4; lastKnownFileType = sourcecode.c.objc; path = makeNewBasketViewController.m; sourceTree = "<group>"; };
/* End PBXFileReference section */

/* Begin PBXFrameworksBuildPhase section */
		805A320F194EE13500F213C1 /* Frameworks */ = {
			isa = PBXFrameworksBuildPhase;
			buildActionMask = 2147483647;
			files = (
				80778A66195B161B003EF884 /* Foundation.framework in Frameworks */,
				80778A64195B1613003EF884 /* UIKit.framework in Frameworks */,
				80778A62195B160C003EF884 /* CoreGraphics.framework in Frameworks */,
				805A3241194F9AA700F213C1 /* MapKit.framework in Frameworks */,
				805A323F194F0EA500F213C1 /* CoreLocation.framework in Frameworks */,
			);
			runOnlyForDeploymentPostprocessing = 0;
		};
		805A3228194EE13500F213C1 /* Frameworks */ = {
			isa = PBXFrameworksBuildPhase;
			buildActionMask = 2147483647;
			files = (
			);
			runOnlyForDeploymentPostprocessing = 0;
		};
/* End PBXFrameworksBuildPhase section */

/* Begin PBXGroup section */
		805A3209194EE13500F213C1 = {
			isa = PBXGroup;
			children = (
				80778A65195B161B003EF884 /* Foundation.framework */,
				80778A63195B1613003EF884 /* UIKit.framework */,
				80778A61195B160C003EF884 /* CoreGraphics.framework */,
				807555B819518EA700F68F63 /* ToDO */,
				805A3240194F9AA700F213C1 /* MapKit.framework */,
				805A323E194F0EA500F213C1 /* CoreLocation.framework */,
				805A3214194EE13500F213C1 /* docbasketWeb */,
				805A322E194EE13500F213C1 /* docbasketWebTests */,
				805A3213194EE13500F213C1 /* Products */,
			);
			sourceTree = "<group>";
		};
		805A3213194EE13500F213C1 /* Products */ = {
			isa = PBXGroup;
			children = (
				805A3212194EE13500F213C1 /* docbasketWeb.app */,
				805A322B194EE13500F213C1 /* docbasketWebTests.xctest */,
			);
			name = Products;
			sourceTree = "<group>";
		};
		805A3214194EE13500F213C1 /* docbasketWeb */ = {
			isa = PBXGroup;
			children = (
				8061B02A19503C1500685336 /* Class */,
				8061AFF119503AB000685336 /* Model */,
				8061B02F19503C7100685336 /* Controller */,
				8061B02B19503C3B00685336 /* Extensions */,
				8061AFF219503BB000685336 /* Vendor */,
				805A3244194F9AD700F213C1 /* docbasketWeb.entitlements */,
				805A3222194EE13500F213C1 /* Main.storyboard */,
				805A3225194EE13500F213C1 /* Images.xcassets */,
				805A321C194EE13500F213C1 /* docbasketWeb.xcdatamodeld */,
				805A3215194EE13500F213C1 /* Supporting Files */,
			);
			path = docbasketWeb;
			sourceTree = "<group>";
		};
		805A3215194EE13500F213C1 /* Supporting Files */ = {
			isa = PBXGroup;
			children = (
				805A3216194EE13500F213C1 /* Info.plist */,
				805A3217194EE13500F213C1 /* main.m */,
			);
			name = "Supporting Files";
			sourceTree = "<group>";
		};
		805A322E194EE13500F213C1 /* docbasketWebTests */ = {
			isa = PBXGroup;
			children = (
				805A3231194EE13500F213C1 /* docbasketWebTests.m */,
				805A322F194EE13500F213C1 /* Supporting Files */,
			);
			path = docbasketWebTests;
			sourceTree = "<group>";
		};
		805A322F194EE13500F213C1 /* Supporting Files */ = {
			isa = PBXGroup;
			children = (
				805A3230194EE13500F213C1 /* Info.plist */,
			);
			name = "Supporting Files";
			sourceTree = "<group>";
		};
		8061AFF119503AB000685336 /* Model */ = {
			isa = PBXGroup;
			children = (
				809B3608194FD0DC0099D3A8 /* docbasketURLInfo.h */,
				8061B03019503CA900685336 /* Docbasket.h */,
				8061B03119503CA900685336 /* Docbasket.m */,
				8061B03219503CA900685336 /* User.h */,
				8061B03319503CA900685336 /* User.m */,
			);
			name = Model;
			sourceTree = "<group>";
		};
		8061AFF219503BB000685336 /* Vendor */ = {
			isa = PBXGroup;
			children = (
				807115D8195B2EEC00E953B1 /* RESideMenu */,
				80778A52195B11B1003EF884 /* CHAnimation */,
				807555F81951967200F68F63 /* ImageCache */,
				8061AFF319503BE100685336 /* AFNetworking */,
			);
			name = Vendor;
			sourceTree = "<group>";
		};
		8061AFF319503BE100685336 /* AFNetworking */ = {
			isa = PBXGroup;
			children = (
				8061B00719503BE100685336 /* UIKit+AFNetworking */,
				8061AFF419503BE100685336 /* AFHTTPRequestOperation.h */,
				8061AFF519503BE100685336 /* AFHTTPRequestOperation.m */,
				8061AFF619503BE100685336 /* AFHTTPRequestOperationManager.h */,
				8061AFF719503BE100685336 /* AFHTTPRequestOperationManager.m */,
				8061AFF819503BE100685336 /* AFHTTPSessionManager.h */,
				8061AFF919503BE100685336 /* AFHTTPSessionManager.m */,
				8061AFFA19503BE100685336 /* AFNetworking.h */,
				8061AFFB19503BE100685336 /* AFNetworkReachabilityManager.h */,
				8061AFFC19503BE100685336 /* AFNetworkReachabilityManager.m */,
				8061AFFD19503BE100685336 /* AFSecurityPolicy.h */,
				8061AFFE19503BE100685336 /* AFSecurityPolicy.m */,
				8061AFFF19503BE100685336 /* AFURLConnectionOperation.h */,
				8061B00019503BE100685336 /* AFURLConnectionOperation.m */,
				8061B00119503BE100685336 /* AFURLRequestSerialization.h */,
				8061B00219503BE100685336 /* AFURLRequestSerialization.m */,
				8061B00319503BE100685336 /* AFURLResponseSerialization.h */,
				8061B00419503BE100685336 /* AFURLResponseSerialization.m */,
				8061B00519503BE100685336 /* AFURLSessionManager.h */,
				8061B00619503BE100685336 /* AFURLSessionManager.m */,
			);
			path = AFNetworking;
			sourceTree = SOURCE_ROOT;
		};
		8061B00719503BE100685336 /* UIKit+AFNetworking */ = {
			isa = PBXGroup;
			children = (
				8061B00819503BE100685336 /* AFNetworkActivityIndicatorManager.h */,
				8061B00919503BE100685336 /* AFNetworkActivityIndicatorManager.m */,
				8061B00A19503BE100685336 /* UIActivityIndicatorView+AFNetworking.h */,
				8061B00B19503BE100685336 /* UIActivityIndicatorView+AFNetworking.m */,
				8061B00C19503BE100685336 /* UIAlertView+AFNetworking.h */,
				8061B00D19503BE100685336 /* UIAlertView+AFNetworking.m */,
				8061B00E19503BE100685336 /* UIButton+AFNetworking.h */,
				8061B00F19503BE100685336 /* UIButton+AFNetworking.m */,
				8061B01019503BE100685336 /* UIImageView+AFNetworking.h */,
				8061B01119503BE100685336 /* UIImageView+AFNetworking.m */,
				8061B01219503BE100685336 /* UIKit+AFNetworking.h */,
				8061B01319503BE100685336 /* UIProgressView+AFNetworking.h */,
				8061B01419503BE100685336 /* UIProgressView+AFNetworking.m */,
				8061B01519503BE100685336 /* UIRefreshControl+AFNetworking.h */,
				8061B01619503BE100685336 /* UIRefreshControl+AFNetworking.m */,
				8061B01719503BE100685336 /* UIWebView+AFNetworking.h */,
				8061B01819503BE100685336 /* UIWebView+AFNetworking.m */,
			);
			path = "UIKit+AFNetworking";
			sourceTree = SOURCE_ROOT;
		};
		8061B02A19503C1500685336 /* Class */ = {
			isa = PBXGroup;
			children = (
				805A3219194EE13500F213C1 /* AppDelegate.h */,
				805A321A194EE13500F213C1 /* AppDelegate.m */,
				8061AFEE1950163800685336 /* GlobalValue.h */,
				8061AFEF1950163800685336 /* GlobalValue.m */,
			);
			name = Class;
			sourceTree = "<group>";
		};
		8061B02B19503C3B00685336 /* Extensions */ = {
			isa = PBXGroup;
			children = (
				80778A5E195B122C003EF884 /* CHPopUpMenu.h */,
				80778A5F195B122C003EF884 /* CHPopUpMenu.m */,
				8061B0361950B47F00685336 /* RegionAnnotation.h */,
				8061B0371950B47F00685336 /* RegionAnnotation.m */,
				8061B0381950B47F00685336 /* RegionAnnotationView.h */,
				8061B0391950B47F00685336 /* RegionAnnotationView.m */,
				805A323B194F0C8B00F213C1 /* DBKLocationManager.h */,
				805A323C194F0C8B00F213C1 /* DBKLocationManager.m */,
				8061B02C19503C4F00685336 /* DocbaketAPIClient.h */,
				8061B02D19503C4F00685336 /* DocbaketAPIClient.m */,
			);
			name = Extensions;
			sourceTree = "<group>";
		};
		8061B02F19503C7100685336 /* Controller */ = {
			isa = PBXGroup;
			children = (
				807115E2195B30DB00E953B1 /* DEMOLeftMenuViewController.h */,
				807115E3195B30DB00E953B1 /* DEMOLeftMenuViewController.m */,
				807115E4195B30DB00E953B1 /* DEMORootViewController.h */,
				807115E5195B30DB00E953B1 /* DEMORootViewController.m */,
				805A321F194EE13500F213C1 /* ViewController.h */,
				805A3220194EE13500F213C1 /* ViewController.m */,
				80D08B81195939A800C17879 /* makeNewBasketViewController.h */,
				80D08B82195939A800C17879 /* makeNewBasketViewController.m */,
			);
			name = Controller;
			sourceTree = "<group>";
		};
		807115D8195B2EEC00E953B1 /* RESideMenu */ = {
			isa = PBXGroup;
			children = (
				807115D9195B2EEC00E953B1 /* RECommonFunctions.h */,
				807115DA195B2EEC00E953B1 /* RECommonFunctions.m */,
				807115DB195B2EEC00E953B1 /* RESideMenu.h */,
				807115DC195B2EEC00E953B1 /* RESideMenu.m */,
				807115DD195B2EEC00E953B1 /* UIViewController+RESideMenu.h */,
				807115DE195B2EEC00E953B1 /* UIViewController+RESideMenu.m */,
			);
			path = RESideMenu;
			sourceTree = "<group>";
		};
		807555F81951967200F68F63 /* ImageCache */ = {
			isa = PBXGroup;
			children = (
				807555F91951967200F68F63 /* SDWebImage */,
			);
			path = ImageCache;
			sourceTree = "<group>";
		};
		807555F91951967200F68F63 /* SDWebImage */ = {
			isa = PBXGroup;
			children = (
				807556351951980D00F68F63 /* MKAnnotationView+WebCache.h */,
				807556361951980D00F68F63 /* MKAnnotationView+WebCache.m */,
				807556371951980D00F68F63 /* NSData+ImageContentType.h */,
				807556381951980D00F68F63 /* NSData+ImageContentType.m */,
				807556391951980D00F68F63 /* SDImageCache.h */,
				8075563A1951980D00F68F63 /* SDImageCache.m */,
				8075563B1951980D00F68F63 /* SDWebImageCompat.h */,
				8075563C1951980D00F68F63 /* SDWebImageCompat.m */,
				8075563D1951980D00F68F63 /* SDWebImageDecoder.h */,
				8075563E1951980D00F68F63 /* SDWebImageDecoder.m */,
				8075563F1951980D00F68F63 /* SDWebImageDownloader.h */,
				807556401951980D00F68F63 /* SDWebImageDownloader.m */,
				807556411951980D00F68F63 /* SDWebImageDownloaderOperation.h */,
				807556421951980D00F68F63 /* SDWebImageDownloaderOperation.m */,
				807556431951980D00F68F63 /* SDWebImageManager.h */,
				807556441951980D00F68F63 /* SDWebImageManager.m */,
				807556451951980D00F68F63 /* SDWebImageOperation.h */,
				807556461951980D00F68F63 /* SDWebImagePrefetcher.h */,
				807556471951980D00F68F63 /* SDWebImagePrefetcher.m */,
				807556481951980D00F68F63 /* UIButton+WebCache.h */,
				807556491951980D00F68F63 /* UIButton+WebCache.m */,
				8075564A1951980D00F68F63 /* UIImage+GIF.h */,
				8075564B1951980D00F68F63 /* UIImage+GIF.m */,
				8075564C1951980D00F68F63 /* UIImage+MultiFormat.h */,
				8075564D1951980D00F68F63 /* UIImage+MultiFormat.m */,
				8075564E1951980D00F68F63 /* UIImage+WebP.h */,
				8075564F1951980D00F68F63 /* UIImage+WebP.m */,
				807556501951980D00F68F63 /* UIImageView+HighlightedWebCache.h */,
				807556511951980D00F68F63 /* UIImageView+HighlightedWebCache.m */,
				807556521951980D00F68F63 /* UIImageView+WebCache.h */,
				807556531951980D00F68F63 /* UIImageView+WebCache.m */,
			);
			path = SDWebImage;
			sourceTree = "<group>";
		};
		80778A52195B11B1003EF884 /* CHAnimation */ = {
			isa = PBXGroup;
			children = (
				80778A53195B11B1003EF884 /* CHAnimation.h */,
				80778A54195B11B1003EF884 /* CHAnimation.m */,
				80778A55195B11B1003EF884 /* CHAnimationState.h */,
				80778A56195B11B1003EF884 /* CHAnimationState.m */,
				80778A57195B11B1003EF884 /* CHAnimator.h */,
				80778A58195B11B1003EF884 /* CHAnimator.m */,
			);
			path = CHAnimation;
			sourceTree = "<group>";
		};
/* End PBXGroup section */

/* Begin PBXNativeTarget section */
		805A3211194EE13500F213C1 /* docbasketWeb */ = {
			isa = PBXNativeTarget;
			buildConfigurationList = 805A3235194EE13500F213C1 /* Build configuration list for PBXNativeTarget "docbasketWeb" */;
			buildPhases = (
				805A320E194EE13500F213C1 /* Sources */,
				805A320F194EE13500F213C1 /* Frameworks */,
				805A3210194EE13500F213C1 /* Resources */,
			);
			buildRules = (
			);
			dependencies = (
			);
			name = docbasketWeb;
			productName = docbasketWeb;
			productReference = 805A3212194EE13500F213C1 /* docbasketWeb.app */;
			productType = "com.apple.product-type.application";
		};
		805A322A194EE13500F213C1 /* docbasketWebTests */ = {
			isa = PBXNativeTarget;
			buildConfigurationList = 805A3238194EE13500F213C1 /* Build configuration list for PBXNativeTarget "docbasketWebTests" */;
			buildPhases = (
				805A3227194EE13500F213C1 /* Sources */,
				805A3228194EE13500F213C1 /* Frameworks */,
				805A3229194EE13500F213C1 /* Resources */,
			);
			buildRules = (
			);
			dependencies = (
				805A322D194EE13500F213C1 /* PBXTargetDependency */,
			);
			name = docbasketWebTests;
			productName = docbasketWebTests;
			productReference = 805A322B194EE13500F213C1 /* docbasketWebTests.xctest */;
			productType = "com.apple.product-type.bundle.unit-test";
		};
/* End PBXNativeTarget section */

/* Begin PBXProject section */
		805A320A194EE13500F213C1 /* Project object */ = {
			isa = PBXProject;
			attributes = {
				LastUpgradeCheck = 0600;
				ORGANIZATIONNAME = "jaecheol kim";
				TargetAttributes = {
					805A3211194EE13500F213C1 = {
						CreatedOnToolsVersion = 6.0;
						DevelopmentTeam = F3J73KR3TT;
						SystemCapabilities = {
							com.apple.BackgroundModes = {
								enabled = 1;
							};
							com.apple.HealthKit = {
								enabled = 0;
							};
							com.apple.iOS = {
								enabled = 1;
							};
						};
					};
					805A322A194EE13500F213C1 = {
						CreatedOnToolsVersion = 6.0;
						TestTargetID = 805A3211194EE13500F213C1;
					};
				};
			};
			buildConfigurationList = 805A320D194EE13500F213C1 /* Build configuration list for PBXProject "docbasketWeb" */;
			compatibilityVersion = "Xcode 3.2";
			developmentRegion = English;
			hasScannedForEncodings = 0;
			knownRegions = (
				en,
				Base,
			);
			mainGroup = 805A3209194EE13500F213C1;
			productRefGroup = 805A3213194EE13500F213C1 /* Products */;
			projectDirPath = "";
			projectRoot = "";
			targets = (
				805A3211194EE13500F213C1 /* docbasketWeb */,
				805A322A194EE13500F213C1 /* docbasketWebTests */,
			);
		};
/* End PBXProject section */

/* Begin PBXResourcesBuildPhase section */
		805A3210194EE13500F213C1 /* Resources */ = {
			isa = PBXResourcesBuildPhase;
			buildActionMask = 2147483647;
			files = (
				805A3224194EE13500F213C1 /* Main.storyboard in Resources */,
				807555B919518EA700F68F63 /* ToDO in Resources */,
				805A3226194EE13500F213C1 /* Images.xcassets in Resources */,
			);
			runOnlyForDeploymentPostprocessing = 0;
		};
		805A3229194EE13500F213C1 /* Resources */ = {
			isa = PBXResourcesBuildPhase;
			buildActionMask = 2147483647;
			files = (
			);
			runOnlyForDeploymentPostprocessing = 0;
		};
/* End PBXResourcesBuildPhase section */

/* Begin PBXSourcesBuildPhase section */
		805A320E194EE13500F213C1 /* Sources */ = {
			isa = PBXSourcesBuildPhase;
			buildActionMask = 2147483647;
			files = (
				8075565E1951980D00F68F63 /* UIImage+GIF.m in Sources */,
				8061B03519503CA900685336 /* User.m in Sources */,
				8061B02119503BE100685336 /* AFURLSessionManager.m in Sources */,
				80778A5B195B11B1003EF884 /* CHAnimator.m in Sources */,
				805A323D194F0C8B00F213C1 /* DBKLocationManager.m in Sources */,
				805A321B194EE13500F213C1 /* AppDelegate.m in Sources */,
				8061B01C19503BE100685336 /* AFNetworkReachabilityManager.m in Sources */,
				8061B02219503BE100685336 /* AFNetworkActivityIndicatorManager.m in Sources */,
				8061AFF01950163800685336 /* GlobalValue.m in Sources */,
				807556561951980D00F68F63 /* SDImageCache.m in Sources */,
				8061B03B1950B47F00685336 /* RegionAnnotationView.m in Sources */,
				807556571951980D00F68F63 /* SDWebImageCompat.m in Sources */,
				80778A5A195B11B1003EF884 /* CHAnimationState.m in Sources */,
				8061B01E19503BE100685336 /* AFURLConnectionOperation.m in Sources */,
				807556611951980D00F68F63 /* UIImageView+HighlightedWebCache.m in Sources */,
				8075565C1951980D00F68F63 /* SDWebImagePrefetcher.m in Sources */,
				8075565A1951980D00F68F63 /* SDWebImageDownloaderOperation.m in Sources */,
				8061B02719503BE100685336 /* UIProgressView+AFNetworking.m in Sources */,
				807115E0195B2EEC00E953B1 /* RESideMenu.m in Sources */,
				807556591951980D00F68F63 /* SDWebImageDownloader.m in Sources */,
				807556551951980D00F68F63 /* NSData+ImageContentType.m in Sources */,
				8061B01B19503BE100685336 /* AFHTTPSessionManager.m in Sources */,
				8061B01F19503BE100685336 /* AFURLRequestSerialization.m in Sources */,
				805A321E194EE13500F213C1 /* docbasketWeb.xcdatamodeld in Sources */,
				807556581951980D00F68F63 /* SDWebImageDecoder.m in Sources */,
				8061B02519503BE100685336 /* UIButton+AFNetworking.m in Sources */,
				8061B02619503BE100685336 /* UIImageView+AFNetworking.m in Sources */,
				807556621951980D00F68F63 /* UIImageView+WebCache.m in Sources */,
				8075565B1951980D00F68F63 /* SDWebImageManager.m in Sources */,
				80778A60195B122C003EF884 /* CHPopUpMenu.m in Sources */,
				805A3221194EE13500F213C1 /* ViewController.m in Sources */,
				8061B03A1950B47F00685336 /* RegionAnnotation.m in Sources */,
				805A3218194EE13500F213C1 /* main.m in Sources */,
				80D08B83195939A800C17879 /* makeNewBasketViewController.m in Sources */,
				807115E7195B30DB00E953B1 /* DEMORootViewController.m in Sources */,
				8061B03419503CA900685336 /* Docbasket.m in Sources */,
				807115DF195B2EEC00E953B1 /* RECommonFunctions.m in Sources */,
				807556541951980D00F68F63 /* MKAnnotationView+WebCache.m in Sources */,
				8061B02419503BE100685336 /* UIAlertView+AFNetworking.m in Sources */,
				8061B02E19503C4F00685336 /* DocbaketAPIClient.m in Sources */,
				80778A59195B11B1003EF884 /* CHAnimation.m in Sources */,
				8061B02919503BE100685336 /* UIWebView+AFNetworking.m in Sources */,
				8075565F1951980D00F68F63 /* UIImage+MultiFormat.m in Sources */,
				807556601951980D00F68F63 /* UIImage+WebP.m in Sources */,
				807115E6195B30DB00E953B1 /* DEMOLeftMenuViewController.m in Sources */,
				8075565D1951980D00F68F63 /* UIButton+WebCache.m in Sources */,
				8061B02319503BE100685336 /* UIActivityIndicatorView+AFNetworking.m in Sources */,
				8061B01A19503BE100685336 /* AFHTTPRequestOperationManager.m in Sources */,
				8061B02819503BE100685336 /* UIRefreshControl+AFNetworking.m in Sources */,
				8061B01D19503BE100685336 /* AFSecurityPolicy.m in Sources */,
				8061B02019503BE100685336 /* AFURLResponseSerialization.m in Sources */,
				8061B01919503BE100685336 /* AFHTTPRequestOperation.m in Sources */,
				807115E1195B2EEC00E953B1 /* UIViewController+RESideMenu.m in Sources */,
			);
			runOnlyForDeploymentPostprocessing = 0;
		};
		805A3227194EE13500F213C1 /* Sources */ = {
			isa = PBXSourcesBuildPhase;
			buildActionMask = 2147483647;
			files = (
				805A3232194EE13500F213C1 /* docbasketWebTests.m in Sources */,
			);
			runOnlyForDeploymentPostprocessing = 0;
		};
/* End PBXSourcesBuildPhase section */

/* Begin PBXTargetDependency section */
		805A322D194EE13500F213C1 /* PBXTargetDependency */ = {
			isa = PBXTargetDependency;
			target = 805A3211194EE13500F213C1 /* docbasketWeb */;
			targetProxy = 805A322C194EE13500F213C1 /* PBXContainerItemProxy */;
		};
/* End PBXTargetDependency section */

/* Begin PBXVariantGroup section */
		805A3222194EE13500F213C1 /* Main.storyboard */ = {
			isa = PBXVariantGroup;
			children = (
				805A3223194EE13500F213C1 /* Base */,
			);
			name = Main.storyboard;
			sourceTree = "<group>";
		};
/* End PBXVariantGroup section */

/* Begin XCBuildConfiguration section */
		805A3233194EE13500F213C1 /* Debug */ = {
			isa = XCBuildConfiguration;
			buildSettings = {
				ALWAYS_SEARCH_USER_PATHS = NO;
				CLANG_CXX_LANGUAGE_STANDARD = "gnu++0x";
				CLANG_CXX_LIBRARY = "libc++";
				CLANG_ENABLE_MODULES = YES;
				CLANG_ENABLE_OBJC_ARC = YES;
				CLANG_WARN_BOOL_CONVERSION = YES;
				CLANG_WARN_CONSTANT_CONVERSION = YES;
				CLANG_WARN_DIRECT_OBJC_ISA_USAGE = YES_ERROR;
				CLANG_WARN_EMPTY_BODY = YES;
				CLANG_WARN_ENUM_CONVERSION = YES;
				CLANG_WARN_INT_CONVERSION = YES;
				CLANG_WARN_OBJC_ROOT_CLASS = YES_ERROR;
				CLANG_WARN_UNREACHABLE_CODE = YES;
				CLANG_WARN__DUPLICATE_METHOD_MATCH = YES;
				"CODE_SIGN_IDENTITY[sdk=iphoneos*]" = "iPhone Developer";
				COPY_PHASE_STRIP = NO;
				ENABLE_STRICT_OBJC_MSGSEND = YES;
				GCC_C_LANGUAGE_STANDARD = gnu99;
				GCC_DYNAMIC_NO_PIC = NO;
				GCC_OPTIMIZATION_LEVEL = 0;
				GCC_PREPROCESSOR_DEFINITIONS = (
					"DEBUG=1",
					"$(inherited)",
				);
				GCC_SYMBOLS_PRIVATE_EXTERN = NO;
				GCC_WARN_64_TO_32_BIT_CONVERSION = YES;
				GCC_WARN_ABOUT_RETURN_TYPE = YES_ERROR;
				GCC_WARN_UNDECLARED_SELECTOR = YES;
				GCC_WARN_UNINITIALIZED_AUTOS = YES_AGGRESSIVE;
				GCC_WARN_UNUSED_FUNCTION = YES;
				GCC_WARN_UNUSED_VARIABLE = YES;
				IPHONEOS_DEPLOYMENT_TARGET = 8.0;
				METAL_ENABLE_DEBUG_INFO = YES;
				ONLY_ACTIVE_ARCH = YES;
				SDKROOT = iphoneos;
				TARGETED_DEVICE_FAMILY = "1,2";
			};
			name = Debug;
		};
		805A3234194EE13500F213C1 /* Release */ = {
			isa = XCBuildConfiguration;
			buildSettings = {
				ALWAYS_SEARCH_USER_PATHS = NO;
				CLANG_CXX_LANGUAGE_STANDARD = "gnu++0x";
				CLANG_CXX_LIBRARY = "libc++";
				CLANG_ENABLE_MODULES = YES;
				CLANG_ENABLE_OBJC_ARC = YES;
				CLANG_WARN_BOOL_CONVERSION = YES;
				CLANG_WARN_CONSTANT_CONVERSION = YES;
				CLANG_WARN_DIRECT_OBJC_ISA_USAGE = YES_ERROR;
				CLANG_WARN_EMPTY_BODY = YES;
				CLANG_WARN_ENUM_CONVERSION = YES;
				CLANG_WARN_INT_CONVERSION = YES;
				CLANG_WARN_OBJC_ROOT_CLASS = YES_ERROR;
				CLANG_WARN_UNREACHABLE_CODE = YES;
				CLANG_WARN__DUPLICATE_METHOD_MATCH = YES;
				"CODE_SIGN_IDENTITY[sdk=iphoneos*]" = "iPhone Developer";
				COPY_PHASE_STRIP = YES;
				ENABLE_NS_ASSERTIONS = NO;
				ENABLE_STRICT_OBJC_MSGSEND = YES;
				GCC_C_LANGUAGE_STANDARD = gnu99;
				GCC_WARN_64_TO_32_BIT_CONVERSION = YES;
				GCC_WARN_ABOUT_RETURN_TYPE = YES_ERROR;
				GCC_WARN_UNDECLARED_SELECTOR = YES;
				GCC_WARN_UNINITIALIZED_AUTOS = YES_AGGRESSIVE;
				GCC_WARN_UNUSED_FUNCTION = YES;
				GCC_WARN_UNUSED_VARIABLE = YES;
				IPHONEOS_DEPLOYMENT_TARGET = 8.0;
				METAL_ENABLE_DEBUG_INFO = NO;
				SDKROOT = iphoneos;
				TARGETED_DEVICE_FAMILY = "1,2";
				VALIDATE_PRODUCT = YES;
			};
			name = Release;
		};
		805A3236194EE13500F213C1 /* Debug */ = {
			isa = XCBuildConfiguration;
			buildSettings = {
				ASSETCATALOG_COMPILER_APPICON_NAME = AppIcon;
				ASSETCATALOG_COMPILER_LAUNCHIMAGE_NAME = LaunchImage;
				CODE_SIGN_IDENTITY = "iPhone Developer";
				"CODE_SIGN_IDENTITY[sdk=iphoneos*]" = "iPhone Developer";
				INFOPLIST_FILE = docbasketWeb/Info.plist;
				IPHONEOS_DEPLOYMENT_TARGET = 6.0;
				LD_RUNPATH_SEARCH_PATHS = "$(inherited) @executable_path/Frameworks";
				PRODUCT_NAME = "$(TARGET_NAME)";
				PROVISIONING_PROFILE = "";
			};
			name = Debug;
		};
		805A3237194EE13500F213C1 /* Release */ = {
			isa = XCBuildConfiguration;
			buildSettings = {
				ASSETCATALOG_COMPILER_APPICON_NAME = AppIcon;
				ASSETCATALOG_COMPILER_LAUNCHIMAGE_NAME = LaunchImage;
				CODE_SIGN_IDENTITY = "iPhone Developer";
				"CODE_SIGN_IDENTITY[sdk=iphoneos*]" = "iPhone Developer";
				INFOPLIST_FILE = docbasketWeb/Info.plist;
				IPHONEOS_DEPLOYMENT_TARGET = 6.0;
				LD_RUNPATH_SEARCH_PATHS = "$(inherited) @executable_path/Frameworks";
				PRODUCT_NAME = "$(TARGET_NAME)";
				PROVISIONING_PROFILE = "";
			};
			name = Release;
		};
		805A3239194EE13500F213C1 /* Debug */ = {
			isa = XCBuildConfiguration;
			buildSettings = {
				BUNDLE_LOADER = "$(BUILT_PRODUCTS_DIR)/docbasketWeb.app/docbasketWeb";
				FRAMEWORK_SEARCH_PATHS = (
					"$(SDKROOT)/Developer/Library/Frameworks",
					"$(inherited)",
				);
				GCC_PREPROCESSOR_DEFINITIONS = (
					"DEBUG=1",
					"$(inherited)",
				);
				INFOPLIST_FILE = docbasketWebTests/Info.plist;
				IPHONEOS_DEPLOYMENT_TARGET = 7.0;
				LD_RUNPATH_SEARCH_PATHS = "$(inherited) @executable_path/Frameworks @loader_path/Frameworks";
				METAL_ENABLE_DEBUG_INFO = YES;
				PRODUCT_NAME = "$(TARGET_NAME)";
				TEST_HOST = "$(BUNDLE_LOADER)";
			};
			name = Debug;
		};
		805A323A194EE13500F213C1 /* Release */ = {
			isa = XCBuildConfiguration;
			buildSettings = {
				BUNDLE_LOADER = "$(BUILT_PRODUCTS_DIR)/docbasketWeb.app/docbasketWeb";
				FRAMEWORK_SEARCH_PATHS = (
					"$(SDKROOT)/Developer/Library/Frameworks",
					"$(inherited)",
				);
				INFOPLIST_FILE = docbasketWebTests/Info.plist;
				IPHONEOS_DEPLOYMENT_TARGET = 7.0;
				LD_RUNPATH_SEARCH_PATHS = "$(inherited) @executable_path/Frameworks @loader_path/Frameworks";
				METAL_ENABLE_DEBUG_INFO = NO;
				PRODUCT_NAME = "$(TARGET_NAME)";
				TEST_HOST = "$(BUNDLE_LOADER)";
			};
			name = Release;
		};
/* End XCBuildConfiguration section */

/* Begin XCConfigurationList section */
		805A320D194EE13500F213C1 /* Build configuration list for PBXProject "docbasketWeb" */ = {
			isa = XCConfigurationList;
			buildConfigurations = (
				805A3233194EE13500F213C1 /* Debug */,
				805A3234194EE13500F213C1 /* Release */,
			);
			defaultConfigurationIsVisible = 0;
			defaultConfigurationName = Release;
		};
		805A3235194EE13500F213C1 /* Build configuration list for PBXNativeTarget "docbasketWeb" */ = {
			isa = XCConfigurationList;
			buildConfigurations = (
				805A3236194EE13500F213C1 /* Debug */,
				805A3237194EE13500F213C1 /* Release */,
			);
			defaultConfigurationIsVisible = 0;
			defaultConfigurationName = Release;
		};
		805A3238194EE13500F213C1 /* Build configuration list for PBXNativeTarget "docbasketWebTests" */ = {
			isa = XCConfigurationList;
			buildConfigurations = (
				805A3239194EE13500F213C1 /* Debug */,
				805A323A194EE13500F213C1 /* Release */,
			);
			defaultConfigurationIsVisible = 0;
			defaultConfigurationName = Release;
		};
/* End XCConfigurationList section */

/* Begin XCVersionGroup section */
		805A321C194EE13500F213C1 /* docbasketWeb.xcdatamodeld */ = {
			isa = XCVersionGroup;
			children = (
				805A321D194EE13500F213C1 /* docbasketWeb.xcdatamodel */,
			);
			currentVersion = 805A321D194EE13500F213C1 /* docbasketWeb.xcdatamodel */;
			path = docbasketWeb.xcdatamodeld;
			sourceTree = "<group>";
			versionGroupType = wrapper.xcdatamodel;
		};
/* End XCVersionGroup section */
	};
	rootObject = 805A320A194EE13500F213C1 /* Project object */;
}
